
Microsoft Visual Studio Solution File, Format Version 12.00
# Visual Studio Version 16
VisualStudioVersion = 16.0.31605.320
MinimumVisualStudioVersion = 10.0.40219.1
Project("{FAE04EC0-301F-11D3-BF4B-00C04F79EFBC}") = "Algoritmo 1", "Algoritmo 1\Algoritmo 1.csproj", "{B7318945-30BE-4C9D-8D80-E0F8DE90C68F}"
EndProject
Global
	GlobalSection(SolutionConfigurationPlatforms) = preSolution
		Debug|Any CPU = Debug|Any CPU
		Release|Any CPU = Release|Any CPU
	EndGlobalSection
	GlobalSection(ProjectConfigurationPlatforms) = postSolution
		{B7318945-30BE-4C9D-8D80-E0F8DE90C68F}.Debug|Any CPU.ActiveCfg = Debug|Any CPU
		{B7318945-30BE-4C9D-8D80-E0F8DE90C68F}.Debug|Any CPU.Build.0 = Debug|Any CPU
		{B7318945-30BE-4C9D-8D80-E0F8DE90C68F}.Release|Any CPU.ActiveCfg = Release|Any CPU
		{B7318945-30BE-4C9D-8D80-E0F8DE90C68F}.Release|Any CPU.Build.0 = Release|Any CPU
	EndGlobalSection
	GlobalSection(SolutionProperties) = preSolution
		HideSolutionNode = FALSE
	EndGlobalSection
	GlobalSection(ExtensibilityGlobals) = postSolution
		SolutionGuid = {A7CDE90A-0156-4FAF-BAD7-AC8CC223658A}
	EndGlobalSection
EndGlobal
